
Microsoft Visual Studio Solution File, Format Version 12.00
Project("{FAE04EC0-301F-11D3-BF4B-00C04F79EFBC}") = "RoutingExample", "RoutingExample\RoutingExample.csproj", "{D4143D7C-B893-4D02-A501-32284CAAF07B}"
EndProject
Global
	GlobalSection(SolutionConfigurationPlatforms) = preSolution
		Debug|Any CPU = Debug|Any CPU
		Release|Any CPU = Release|Any CPU
	EndGlobalSection
	GlobalSection(ProjectConfigurationPlatforms) = postSolution
		{D4143D7C-B893-4D02-A501-32284CAAF07B}.Debug|Any CPU.ActiveCfg = Debug|Any CPU
		{D4143D7C-B893-4D02-A501-32284CAAF07B}.Debug|Any CPU.Build.0 = Debug|Any CPU
		{D4143D7C-B893-4D02-A501-32284CAAF07B}.Release|Any CPU.ActiveCfg = Release|Any CPU
		{D4143D7C-B893-4D02-A501-32284CAAF07B}.Release|Any CPU.Build.0 = Release|Any CPU
	EndGlobalSection
EndGlobal
